
Microsoft Visual Studio Solution File, Format Version 11.00
# Visual Studio 2010
Project("{FAE04EC0-301F-11D3-BF4B-00C04F79EFBC}") = "endnote", "endnote\endnote.csproj", "{F12A0C3E-A86B-4CFD-841B-36A48341F3A3}"
EndProject
Project("{FAE04EC0-301F-11D3-BF4B-00C04F79EFBC}") = "endnote.Tests", "endnote.Tests\endnote.Tests.csproj", "{CA7FCA35-B54D-4486-9676-D371D9DDAF60}"
	ProjectSection(ProjectDependencies) = postProject
		{9C906B1C-F1AA-47BA-A7CF-D663C805532C} = {9C906B1C-F1AA-47BA-A7CF-D663C805532C}
		{D140BEFE-E43A-4261-8C96-859F843446B7} = {D140BEFE-E43A-4261-8C96-859F843446B7}
	EndProjectSection
EndProject
Project("{FAE04EC0-301F-11D3-BF4B-00C04F79EFBC}") = "endnote.Lib", "endnote.Lib\endnote.Lib.csproj", "{7CD163FF-CE9D-4D5F-B76C-C6A5AD0CC64D}"
EndProject
Project("{2150E333-8FDC-42A3-9474-1A3956D46DE8}") = "Content", "Content", "{A91D86C5-9752-458D-AB5F-1B9363F75A55}"
EndProject
Project("{2150E333-8FDC-42A3-9474-1A3956D46DE8}") = "Databases", "Databases", "{DDA67E81-8890-49D0-A6EA-20464C4F9EB8}"
EndProject
Project("{FAE04EC0-301F-11D3-BF4B-00C04F79EFBC}") = "Notenet.Content.Service", "Content\Notenet.Content.Service\Notenet.Content.Service.csproj", "{9C906B1C-F1AA-47BA-A7CF-D663C805532C}"
EndProject
Project("{FAE04EC0-301F-11D3-BF4B-00C04F79EFBC}") = "Notenet.Content.Contract", "Content\Notenet.Content.Contract\Notenet.Content.Contract.csproj", "{68BAAE67-EC92-4F38-8916-7810CDD28B8C}"
EndProject
Project("{2150E333-8FDC-42A3-9474-1A3956D46DE8}") = "User", "User", "{017E73D2-95C8-46BA-A504-99FF97A86548}"
EndProject
Project("{FAE04EC0-301F-11D3-BF4B-00C04F79EFBC}") = "Notenet.User.Contract", "User\Notenet.User.Contract\Notenet.User.Contract.csproj", "{5A51BD9C-7CC4-4864-AEC2-A3ABB8FDF46A}"
EndProject
Project("{FAE04EC0-301F-11D3-BF4B-00C04F79EFBC}") = "Notenet.User.Service", "User\Notenet.User.Service\Notenet.User.Service.csproj", "{D140BEFE-E43A-4261-8C96-859F843446B7}"
EndProject
Project("{C8D11400-126E-41CD-887F-60BD40844F9E}") = "User", "User\Databases\User\User.dbproj", "{67CBC824-A49E-4E9B-A947-360F3DFE65C3}"
EndProject
Project("{2150E333-8FDC-42A3-9474-1A3956D46DE8}") = "Databases", "Databases", "{DD87495E-EA76-45D0-A70E-B7961BD4AE68}"
EndProject
Project("{2150E333-8FDC-42A3-9474-1A3956D46DE8}") = "FriendContent", "FriendContent", "{612CE3C7-3E1B-48C9-8785-C10393A7281B}"
EndProject
Project("{FAE04EC0-301F-11D3-BF4B-00C04F79EFBC}") = "Notenet.FriendContent.Service", "FriendContent\Notenet.FriendContent.Service\Notenet.FriendContent.Service.csproj", "{24F841CF-C4CA-417F-8202-A8677895B431}"
EndProject
Project("{FAE04EC0-301F-11D3-BF4B-00C04F79EFBC}") = "Notenet.Content.Data", "Content\Notenet.Content.Data\Notenet.Content.Data.csproj", "{39975437-8FE4-4716-9672-62904F2F8B39}"
EndProject
Project("{FAE04EC0-301F-11D3-BF4B-00C04F79EFBC}") = "Notenet.User.Data", "User\Notenet.User.Data\Notenet.User.Data.csproj", "{D55DF30C-DDD9-488F-8DD4-00A388F432A6}"
EndProject
Project("{2150E333-8FDC-42A3-9474-1A3956D46DE8}") = "Web", "Web", "{48FC8542-0831-4660-B3C4-4CBD5DEB4E0D}"
EndProject
Project("{2150E333-8FDC-42A3-9474-1A3956D46DE8}") = "Desktop", "Desktop", "{BE692C83-4985-4E9E-82FC-2A156ACD15D7}"
EndProject
Project("{2150E333-8FDC-42A3-9474-1A3956D46DE8}") = "Pad", "Pad", "{454D1F22-C102-429A-8CA9-2590C9C12C94}"
EndProject
Project("{2150E333-8FDC-42A3-9474-1A3956D46DE8}") = "Phone", "Phone", "{80F1247A-44C2-4723-A019-21A7356E31FE}"
EndProject
Project("{C8D11400-126E-41CD-887F-60BD40844F9E}") = "Content", "Content\Databases\Content\Content.dbproj", "{8BD9A457-B310-405A-BA50-9C257645EC36}"
EndProject
Project("{FAE04EC0-301F-11D3-BF4B-00C04F79EFBC}") = "Notenet.Web.Desktop", "Web\Desktop\Notenet.Web.Desktop\Notenet.Web.Desktop.csproj", "{F4D9072A-0475-44B1-8AE7-258F35EAACFA}"
EndProject
Project("{FAE04EC0-301F-11D3-BF4B-00C04F79EFBC}") = "Notenet.Web.Desktop.Tests", "Web\Desktop\Notenet.Web.Desktop.Tests\Notenet.Web.Desktop.Tests.csproj", "{1C067546-64D5-419D-9108-F0772AA1D5E4}"
EndProject
Project("{2150E333-8FDC-42A3-9474-1A3956D46DE8}") = "Authenticate", "Authenticate", "{4EB8A662-F2F2-46CE-A6CE-6B237551E247}"
EndProject
Project("{FAE04EC0-301F-11D3-BF4B-00C04F79EFBC}") = "Notenet.AuthenticateUtil", "Authenticate\Notenet.AuthenticateUtil\Notenet.AuthenticateUtil.csproj", "{0B711F87-C95F-486F-9F5E-EBEF0D3C4563}"
EndProject
Project("{2150E333-8FDC-42A3-9474-1A3956D46DE8}") = "Security", "Security", "{A09C55AC-AF48-467D-8343-1230AEFF5F3F}"
EndProject
Project("{FAE04EC0-301F-11D3-BF4B-00C04F79EFBC}") = "Notenet.Security.Contract", "Security\Notenet.Security.Contract\Notenet.Security.Contract.csproj", "{11515005-A7C1-444D-AFF3-8F4C1AB54F21}"
EndProject
Project("{FAE04EC0-301F-11D3-BF4B-00C04F79EFBC}") = "Notenet.Security", "Security\Notenet.Security.Authentication\Notenet.Security.csproj", "{A16881F2-B50F-4A1A-A7C0-0255E285B6ED}"
EndProject
Project("{2150E333-8FDC-42A3-9474-1A3956D46DE8}") = "Solution Items", "Solution Items", "{95CA349E-3DDB-4353-9497-627CBD513A31}"
	ProjectSection(SolutionItems) = preProject
		TestProject.vsmdi = TestProject.vsmdi
		TestSettings.testsettings = TestSettings.testsettings
	EndProjectSection
EndProject
Project("{2150E333-8FDC-42A3-9474-1A3956D46DE8}") = "Framework", "Framework", "{307B2D1A-D10C-47C3-B522-BFC69F9D12F5}"
EndProject
Project("{2150E333-8FDC-42A3-9474-1A3956D46DE8}") = "WCFExtension", "WCFExtension", "{F053A5F9-911B-4F10-809D-B668AD668F32}"
EndProject
Project("{FAE04EC0-301F-11D3-BF4B-00C04F79EFBC}") = "System.ServiceModel.Web.Extension", "Framework\WCFExtension\System.ServiceModel.Web.Extension\System.ServiceModel.Web.Extension.csproj", "{CD21C4B2-B1CB-474F-ACBC-0635258E85ED}"
EndProject
Project("{2150E333-8FDC-42A3-9474-1A3956D46DE8}") = "Feed", "Feed", "{B73C645C-C7A7-4CB5-9E59-158151A352F7}"
EndProject
Project("{2150E333-8FDC-42A3-9474-1A3956D46DE8}") = "Database", "Database", "{731B7B2A-ACC1-4B4A-8647-A88A9F526C97}"
EndProject
Project("{C8D11400-126E-41CD-887F-60BD40844F9E}") = "Feed", "Feed\Database\Feed\Feed.dbproj", "{7F2BE618-CD55-4614-8273-6D8C3B401A63}"
EndProject
Project("{FAE04EC0-301F-11D3-BF4B-00C04F79EFBC}") = "Notenet.Feed.API", "Feed\Notenet.Feed.API\Notenet.Feed.API.csproj", "{CB250700-8BE7-4FAB-943A-C1FD046C7378}"
EndProject
Project("{FAE04EC0-301F-11D3-BF4B-00C04F79EFBC}") = "Notenet.Feed.Data", "Feed\Notenet.Feed.Data\Notenet.Feed.Data.csproj", "{8ABF5831-20D5-4B57-9C17-C1D679F98584}"
EndProject
Project("{FAE04EC0-301F-11D3-BF4B-00C04F79EFBC}") = "Notenet.Feed.Contract", "Feed\Notenet.Feed.Contract\Notenet.Feed.Contract.csproj", "{04F4D3AC-8B1C-4CA9-9A89-343AB883D023}"
EndProject
Global
	GlobalSection(TestCaseManagementSettings) = postSolution
		CategoryFile = TestProject.vsmdi
	EndGlobalSection
	GlobalSection(SolutionConfigurationPlatforms) = preSolution
		Debug|Any CPU = Debug|Any CPU
		Release|Any CPU = Release|Any CPU
	EndGlobalSection
	GlobalSection(ProjectConfigurationPlatforms) = postSolution
		{F12A0C3E-A86B-4CFD-841B-36A48341F3A3}.Debug|Any CPU.ActiveCfg = Debug|Any CPU
		{F12A0C3E-A86B-4CFD-841B-36A48341F3A3}.Debug|Any CPU.Build.0 = Debug|Any CPU
		{F12A0C3E-A86B-4CFD-841B-36A48341F3A3}.Release|Any CPU.ActiveCfg = Release|Any CPU
		{F12A0C3E-A86B-4CFD-841B-36A48341F3A3}.Release|Any CPU.Build.0 = Release|Any CPU
		{CA7FCA35-B54D-4486-9676-D371D9DDAF60}.Debug|Any CPU.ActiveCfg = Debug|Any CPU
		{CA7FCA35-B54D-4486-9676-D371D9DDAF60}.Debug|Any CPU.Build.0 = Debug|Any CPU
		{CA7FCA35-B54D-4486-9676-D371D9DDAF60}.Release|Any CPU.ActiveCfg = Release|Any CPU
		{CA7FCA35-B54D-4486-9676-D371D9DDAF60}.Release|Any CPU.Build.0 = Release|Any CPU
		{7CD163FF-CE9D-4D5F-B76C-C6A5AD0CC64D}.Debug|Any CPU.ActiveCfg = Debug|Any CPU
		{7CD163FF-CE9D-4D5F-B76C-C6A5AD0CC64D}.Debug|Any CPU.Build.0 = Debug|Any CPU
		{7CD163FF-CE9D-4D5F-B76C-C6A5AD0CC64D}.Release|Any CPU.ActiveCfg = Release|Any CPU
		{7CD163FF-CE9D-4D5F-B76C-C6A5AD0CC64D}.Release|Any CPU.Build.0 = Release|Any CPU
		{9C906B1C-F1AA-47BA-A7CF-D663C805532C}.Debug|Any CPU.ActiveCfg = Debug|Any CPU
		{9C906B1C-F1AA-47BA-A7CF-D663C805532C}.Debug|Any CPU.Build.0 = Debug|Any CPU
		{9C906B1C-F1AA-47BA-A7CF-D663C805532C}.Release|Any CPU.ActiveCfg = Release|Any CPU
		{9C906B1C-F1AA-47BA-A7CF-D663C805532C}.Release|Any CPU.Build.0 = Release|Any CPU
		{68BAAE67-EC92-4F38-8916-7810CDD28B8C}.Debug|Any CPU.ActiveCfg = Debug|Any CPU
		{68BAAE67-EC92-4F38-8916-7810CDD28B8C}.Debug|Any CPU.Build.0 = Debug|Any CPU
		{68BAAE67-EC92-4F38-8916-7810CDD28B8C}.Release|Any CPU.ActiveCfg = Release|Any CPU
		{68BAAE67-EC92-4F38-8916-7810CDD28B8C}.Release|Any CPU.Build.0 = Release|Any CPU
		{5A51BD9C-7CC4-4864-AEC2-A3ABB8FDF46A}.Debug|Any CPU.ActiveCfg = Debug|Any CPU
		{5A51BD9C-7CC4-4864-AEC2-A3ABB8FDF46A}.Debug|Any CPU.Build.0 = Debug|Any CPU
		{5A51BD9C-7CC4-4864-AEC2-A3ABB8FDF46A}.Release|Any CPU.ActiveCfg = Release|Any CPU
		{5A51BD9C-7CC4-4864-AEC2-A3ABB8FDF46A}.Release|Any CPU.Build.0 = Release|Any CPU
		{D140BEFE-E43A-4261-8C96-859F843446B7}.Debug|Any CPU.ActiveCfg = Debug|Any CPU
		{D140BEFE-E43A-4261-8C96-859F843446B7}.Debug|Any CPU.Build.0 = Debug|Any CPU
		{D140BEFE-E43A-4261-8C96-859F843446B7}.Release|Any CPU.ActiveCfg = Release|Any CPU
		{D140BEFE-E43A-4261-8C96-859F843446B7}.Release|Any CPU.Build.0 = Release|Any CPU
		{67CBC824-A49E-4E9B-A947-360F3DFE65C3}.Debug|Any CPU.ActiveCfg = Debug|Any CPU
		{67CBC824-A49E-4E9B-A947-360F3DFE65C3}.Debug|Any CPU.Build.0 = Debug|Any CPU
		{67CBC824-A49E-4E9B-A947-360F3DFE65C3}.Debug|Any CPU.Deploy.0 = Debug|Any CPU
		{67CBC824-A49E-4E9B-A947-360F3DFE65C3}.Release|Any CPU.ActiveCfg = Release|Any CPU
		{67CBC824-A49E-4E9B-A947-360F3DFE65C3}.Release|Any CPU.Build.0 = Release|Any CPU
		{67CBC824-A49E-4E9B-A947-360F3DFE65C3}.Release|Any CPU.Deploy.0 = Release|Any CPU
		{24F841CF-C4CA-417F-8202-A8677895B431}.Debug|Any CPU.ActiveCfg = Debug|Any CPU
		{24F841CF-C4CA-417F-8202-A8677895B431}.Debug|Any CPU.Build.0 = Debug|Any CPU
		{24F841CF-C4CA-417F-8202-A8677895B431}.Release|Any CPU.ActiveCfg = Release|Any CPU
		{24F841CF-C4CA-417F-8202-A8677895B431}.Release|Any CPU.Build.0 = Release|Any CPU
		{39975437-8FE4-4716-9672-62904F2F8B39}.Debug|Any CPU.ActiveCfg = Debug|Any CPU
		{39975437-8FE4-4716-9672-62904F2F8B39}.Debug|Any CPU.Build.0 = Debug|Any CPU
		{39975437-8FE4-4716-9672-62904F2F8B39}.Release|Any CPU.ActiveCfg = Release|Any CPU
		{39975437-8FE4-4716-9672-62904F2F8B39}.Release|Any CPU.Build.0 = Release|Any CPU
		{D55DF30C-DDD9-488F-8DD4-00A388F432A6}.Debug|Any CPU.ActiveCfg = Debug|Any CPU
		{D55DF30C-DDD9-488F-8DD4-00A388F432A6}.Debug|Any CPU.Build.0 = Debug|Any CPU
		{D55DF30C-DDD9-488F-8DD4-00A388F432A6}.Release|Any CPU.ActiveCfg = Release|Any CPU
		{D55DF30C-DDD9-488F-8DD4-00A388F432A6}.Release|Any CPU.Build.0 = Release|Any CPU
		{8BD9A457-B310-405A-BA50-9C257645EC36}.Debug|Any CPU.ActiveCfg = Debug|Any CPU
		{8BD9A457-B310-405A-BA50-9C257645EC36}.Debug|Any CPU.Build.0 = Debug|Any CPU
		{8BD9A457-B310-405A-BA50-9C257645EC36}.Debug|Any CPU.Deploy.0 = Debug|Any CPU
		{8BD9A457-B310-405A-BA50-9C257645EC36}.Release|Any CPU.ActiveCfg = Release|Any CPU
		{8BD9A457-B310-405A-BA50-9C257645EC36}.Release|Any CPU.Build.0 = Release|Any CPU
		{8BD9A457-B310-405A-BA50-9C257645EC36}.Release|Any CPU.Deploy.0 = Release|Any CPU
		{F4D9072A-0475-44B1-8AE7-258F35EAACFA}.Debug|Any CPU.ActiveCfg = Debug|Any CPU
		{F4D9072A-0475-44B1-8AE7-258F35EAACFA}.Debug|Any CPU.Build.0 = Debug|Any CPU
		{F4D9072A-0475-44B1-8AE7-258F35EAACFA}.Release|Any CPU.ActiveCfg = Release|Any CPU
		{F4D9072A-0475-44B1-8AE7-258F35EAACFA}.Release|Any CPU.Build.0 = Release|Any CPU
		{1C067546-64D5-419D-9108-F0772AA1D5E4}.Debug|Any CPU.ActiveCfg = Debug|Any CPU
		{1C067546-64D5-419D-9108-F0772AA1D5E4}.Debug|Any CPU.Build.0 = Debug|Any CPU
		{1C067546-64D5-419D-9108-F0772AA1D5E4}.Release|Any CPU.ActiveCfg = Release|Any CPU
		{1C067546-64D5-419D-9108-F0772AA1D5E4}.Release|Any CPU.Build.0 = Release|Any CPU
		{0B711F87-C95F-486F-9F5E-EBEF0D3C4563}.Debug|Any CPU.ActiveCfg = Debug|Any CPU
		{0B711F87-C95F-486F-9F5E-EBEF0D3C4563}.Debug|Any CPU.Build.0 = Debug|Any CPU
		{0B711F87-C95F-486F-9F5E-EBEF0D3C4563}.Release|Any CPU.ActiveCfg = Release|Any CPU
		{0B711F87-C95F-486F-9F5E-EBEF0D3C4563}.Release|Any CPU.Build.0 = Release|Any CPU
		{11515005-A7C1-444D-AFF3-8F4C1AB54F21}.Debug|Any CPU.ActiveCfg = Debug|Any CPU
		{11515005-A7C1-444D-AFF3-8F4C1AB54F21}.Debug|Any CPU.Build.0 = Debug|Any CPU
		{11515005-A7C1-444D-AFF3-8F4C1AB54F21}.Release|Any CPU.ActiveCfg = Release|Any CPU
		{11515005-A7C1-444D-AFF3-8F4C1AB54F21}.Release|Any CPU.Build.0 = Release|Any CPU
		{A16881F2-B50F-4A1A-A7C0-0255E285B6ED}.Debug|Any CPU.ActiveCfg = Debug|Any CPU
		{A16881F2-B50F-4A1A-A7C0-0255E285B6ED}.Debug|Any CPU.Build.0 = Debug|Any CPU
		{A16881F2-B50F-4A1A-A7C0-0255E285B6ED}.Release|Any CPU.ActiveCfg = Release|Any CPU
		{A16881F2-B50F-4A1A-A7C0-0255E285B6ED}.Release|Any CPU.Build.0 = Release|Any CPU
		{CD21C4B2-B1CB-474F-ACBC-0635258E85ED}.Debug|Any CPU.ActiveCfg = Debug|Any CPU
		{CD21C4B2-B1CB-474F-ACBC-0635258E85ED}.Debug|Any CPU.Build.0 = Debug|Any CPU
		{CD21C4B2-B1CB-474F-ACBC-0635258E85ED}.Release|Any CPU.ActiveCfg = Release|Any CPU
		{CD21C4B2-B1CB-474F-ACBC-0635258E85ED}.Release|Any CPU.Build.0 = Release|Any CPU
		{7F2BE618-CD55-4614-8273-6D8C3B401A63}.Debug|Any CPU.ActiveCfg = Debug|Any CPU
		{7F2BE618-CD55-4614-8273-6D8C3B401A63}.Debug|Any CPU.Build.0 = Debug|Any CPU
		{7F2BE618-CD55-4614-8273-6D8C3B401A63}.Debug|Any CPU.Deploy.0 = Debug|Any CPU
		{7F2BE618-CD55-4614-8273-6D8C3B401A63}.Release|Any CPU.ActiveCfg = Release|Any CPU
		{7F2BE618-CD55-4614-8273-6D8C3B401A63}.Release|Any CPU.Build.0 = Release|Any CPU
		{7F2BE618-CD55-4614-8273-6D8C3B401A63}.Release|Any CPU.Deploy.0 = Release|Any CPU
		{CB250700-8BE7-4FAB-943A-C1FD046C7378}.Debug|Any CPU.ActiveCfg = Debug|Any CPU
		{CB250700-8BE7-4FAB-943A-C1FD046C7378}.Debug|Any CPU.Build.0 = Debug|Any CPU
		{CB250700-8BE7-4FAB-943A-C1FD046C7378}.Release|Any CPU.ActiveCfg = Release|Any CPU
		{CB250700-8BE7-4FAB-943A-C1FD046C7378}.Release|Any CPU.Build.0 = Release|Any CPU
		{8ABF5831-20D5-4B57-9C17-C1D679F98584}.Debug|Any CPU.ActiveCfg = Debug|Any CPU
		{8ABF5831-20D5-4B57-9C17-C1D679F98584}.Debug|Any CPU.Build.0 = Debug|Any CPU
		{8ABF5831-20D5-4B57-9C17-C1D679F98584}.Release|Any CPU.ActiveCfg = Release|Any CPU
		{8ABF5831-20D5-4B57-9C17-C1D679F98584}.Release|Any CPU.Build.0 = Release|Any CPU
		{04F4D3AC-8B1C-4CA9-9A89-343AB883D023}.Debug|Any CPU.ActiveCfg = Debug|Any CPU
		{04F4D3AC-8B1C-4CA9-9A89-343AB883D023}.Debug|Any CPU.Build.0 = Debug|Any CPU
		{04F4D3AC-8B1C-4CA9-9A89-343AB883D023}.Release|Any CPU.ActiveCfg = Release|Any CPU
		{04F4D3AC-8B1C-4CA9-9A89-343AB883D023}.Release|Any CPU.Build.0 = Release|Any CPU
	EndGlobalSection
	GlobalSection(SolutionProperties) = preSolution
		HideSolutionNode = FALSE
	EndGlobalSection
	GlobalSection(NestedProjects) = preSolution
		{DDA67E81-8890-49D0-A6EA-20464C4F9EB8} = {A91D86C5-9752-458D-AB5F-1B9363F75A55}
		{9C906B1C-F1AA-47BA-A7CF-D663C805532C} = {A91D86C5-9752-458D-AB5F-1B9363F75A55}
		{68BAAE67-EC92-4F38-8916-7810CDD28B8C} = {A91D86C5-9752-458D-AB5F-1B9363F75A55}
		{39975437-8FE4-4716-9672-62904F2F8B39} = {A91D86C5-9752-458D-AB5F-1B9363F75A55}
		{8BD9A457-B310-405A-BA50-9C257645EC36} = {DDA67E81-8890-49D0-A6EA-20464C4F9EB8}
		{5A51BD9C-7CC4-4864-AEC2-A3ABB8FDF46A} = {017E73D2-95C8-46BA-A504-99FF97A86548}
		{D140BEFE-E43A-4261-8C96-859F843446B7} = {017E73D2-95C8-46BA-A504-99FF97A86548}
		{DD87495E-EA76-45D0-A70E-B7961BD4AE68} = {017E73D2-95C8-46BA-A504-99FF97A86548}
		{D55DF30C-DDD9-488F-8DD4-00A388F432A6} = {017E73D2-95C8-46BA-A504-99FF97A86548}
		{67CBC824-A49E-4E9B-A947-360F3DFE65C3} = {DD87495E-EA76-45D0-A70E-B7961BD4AE68}
		{24F841CF-C4CA-417F-8202-A8677895B431} = {612CE3C7-3E1B-48C9-8785-C10393A7281B}
		{BE692C83-4985-4E9E-82FC-2A156ACD15D7} = {48FC8542-0831-4660-B3C4-4CBD5DEB4E0D}
		{454D1F22-C102-429A-8CA9-2590C9C12C94} = {48FC8542-0831-4660-B3C4-4CBD5DEB4E0D}
		{80F1247A-44C2-4723-A019-21A7356E31FE} = {48FC8542-0831-4660-B3C4-4CBD5DEB4E0D}
		{F4D9072A-0475-44B1-8AE7-258F35EAACFA} = {BE692C83-4985-4E9E-82FC-2A156ACD15D7}
		{1C067546-64D5-419D-9108-F0772AA1D5E4} = {BE692C83-4985-4E9E-82FC-2A156ACD15D7}
		{0B711F87-C95F-486F-9F5E-EBEF0D3C4563} = {4EB8A662-F2F2-46CE-A6CE-6B237551E247}
		{11515005-A7C1-444D-AFF3-8F4C1AB54F21} = {A09C55AC-AF48-467D-8343-1230AEFF5F3F}
		{A16881F2-B50F-4A1A-A7C0-0255E285B6ED} = {A09C55AC-AF48-467D-8343-1230AEFF5F3F}
		{F053A5F9-911B-4F10-809D-B668AD668F32} = {307B2D1A-D10C-47C3-B522-BFC69F9D12F5}
		{CD21C4B2-B1CB-474F-ACBC-0635258E85ED} = {F053A5F9-911B-4F10-809D-B668AD668F32}
		{731B7B2A-ACC1-4B4A-8647-A88A9F526C97} = {B73C645C-C7A7-4CB5-9E59-158151A352F7}
		{CB250700-8BE7-4FAB-943A-C1FD046C7378} = {B73C645C-C7A7-4CB5-9E59-158151A352F7}
		{8ABF5831-20D5-4B57-9C17-C1D679F98584} = {B73C645C-C7A7-4CB5-9E59-158151A352F7}
		{04F4D3AC-8B1C-4CA9-9A89-343AB883D023} = {B73C645C-C7A7-4CB5-9E59-158151A352F7}
		{7F2BE618-CD55-4614-8273-6D8C3B401A63} = {731B7B2A-ACC1-4B4A-8647-A88A9F526C97}
	EndGlobalSection
EndGlobal
